
Microsoft Visual Studio Solution File, Format Version 12.00
# Visual Studio Version 17
VisualStudioVersion = 17.8.34309.116
MinimumVisualStudioVersion = 10.0.40219.1
Project("{FAE04EC0-301F-11D3-BF4B-00C04F79EFBC}") = "WebApplicationDapper", "WebApplicationDapper\WebApplicationDapper.csproj", "{77E377CB-A4E7-46BB-B483-E4D1B9343FB2}"
EndProject
Global
	GlobalSection(SolutionConfigurationPlatforms) = preSolution
		Debug|Any CPU = Debug|Any CPU
		Release|Any CPU = Release|Any CPU
	EndGlobalSection
	GlobalSection(ProjectConfigurationPlatforms) = postSolution
		{77E377CB-A4E7-46BB-B483-E4D1B9343FB2}.Debug|Any CPU.ActiveCfg = Debug|Any CPU
		{77E377CB-A4E7-46BB-B483-E4D1B9343FB2}.Debug|Any CPU.Build.0 = Debug|Any CPU
		{77E377CB-A4E7-46BB-B483-E4D1B9343FB2}.Release|Any CPU.ActiveCfg = Release|Any CPU
		{77E377CB-A4E7-46BB-B483-E4D1B9343FB2}.Release|Any CPU.Build.0 = Release|Any CPU
	EndGlobalSection
	GlobalSection(SolutionProperties) = preSolution
		HideSolutionNode = FALSE
	EndGlobalSection
	GlobalSection(ExtensibilityGlobals) = postSolution
		SolutionGuid = {32B5A3AA-6502-4433-8D14-5650A6DD3C8D}
	EndGlobalSection
EndGlobal
